{
  "current_commit": "2536eafeb8c2cbf1e3c8ee61e9227a6eb391129d",
  "working_tree_dirty": true,
  "generated_at": "2026-08-09T13:51:17Z",
  "scanned_scope": [
    "."
  ],
  "excluded_directories": [
    ".cache",
    ".git",
    ".hg",
    ".next",
    ".nuxt",
    ".svn",
    ".turbo",
    ".venv",
    "__pycache__",
    "build",
    "coverage",
    "dist",
    "docs/codemap",
    "generated",
    "node_modules",
    "out",
    "target",
    "vendor",
    "venv"
  ],
  "fingerprint_algorithm": "sha256-path-content-v1",
  "modules": [
    {
      "id": ".",
      "path": ".",
      "file_count": 14,
      "fingerprint": "d18d2e2a80ba50711e68225937560f66c57def1d670a97436bf75c21b07f55be"
    },
    {
      "id": ".github",
      "path": ".github",
      "file_count": 2,
      "fingerprint": "40e825831fc1cab63225f4005ee120174f367bb3ab8f50c54e5a510ecc3fe6a5"
    },
    {
      "id": ".vscode",
      "path": ".vscode",
      "file_count": 1,
      "fingerprint": "992d302eeb596670393592719a06637be06a4a328685f19a1a70ee0798843fc3"
    },
    {
      "id": "docs",
      "path": "docs",
      "file_count": 7,
      "fingerprint": "3d2347eb3d37b4a979eba0f5fda28e058552394c06d682d9fab8cfe653bdec11"
    },
    {
      "id": "e2e",
      "path": "e2e",
      "file_count": 2,
      "fingerprint": "0cd4f0a36591e229326ca5d49c0625bcd675162b1e4ed06d7cfdd9a659ff231b"
    },
    {
      "id": "logs",
      "path": "logs",
      "file_count": 1,
      "fingerprint": "ca529b17df8b65dae6995867d41e104507c5c3ca157c97969ee8239763ca9b70"
    },
    {
      "id": "public",
      "path": "public",
      "file_count": 1,
      "fingerprint": "8c62c016eb7405bc036acdb95304af3dfc9a407fb8e2b41423e4614ed17ab7f7"
    },
    {
      "id": "scripts",
      "path": "scripts",
      "file_count": 1,
      "fingerprint": "e8176385366f3c736c98583909132670dc44552486b101db1f843393ecdfdfae"
    },
    {
      "id": "src",
      "path": "src",
      "file_count": 23,
      "fingerprint": "e2b1d7b346f77f786daf04ff9362efbb09581a7bd1b4c7d53f1e860ef3ff1380"
    }
  ]
}
