{
  "source_commit": "1f186a1d7d77f6694321b50c34594025d1ce2c2e",
  "working_tree_dirty": true,
  "generated_at": "2026-08-15T09:31:20Z",
  "scanned_scope": [
    "."
  ],
  "excluded_directories": [
    ".cache",
    ".git",
    ".hg",
    ".next",
    ".nuxt",
    ".scratch",
    ".svn",
    ".turbo",
    ".venv",
    "__pycache__",
    "build",
    "coverage",
    "dist",
    "docs/codemap",
    "generated",
    "node_modules",
    "out",
    "target",
    "vendor",
    "venv"
  ],
  "fingerprint_algorithm": "sha256-path-content-v1",
  "modules": [
    {
      "id": ".",
      "path": ".",
      "file_count": 14,
      "fingerprint": "bfc9c7fe8d5d41c31043473d2230c1b0defe2cb3fc3c0fb8b1fd6e305b4f0bf1"
    },
    {
      "id": ".github",
      "path": ".github",
      "file_count": 2,
      "fingerprint": "6c9e30e07fad534db2be5e081080641cc88ac9bb9b1eb41d91f1da7779f243c4"
    },
    {
      "id": ".vscode",
      "path": ".vscode",
      "file_count": 1,
      "fingerprint": "992d302eeb596670393592719a06637be06a4a328685f19a1a70ee0798843fc3"
    },
    {
      "id": "docs",
      "path": "docs",
      "file_count": 9,
      "fingerprint": "3087f5d01e8f3000b691d9b72b4b2686028df6f7746ef808dfb57dcde1ef52fa"
    },
    {
      "id": "e2e",
      "path": "e2e",
      "file_count": 2,
      "fingerprint": "0cd4f0a36591e229326ca5d49c0625bcd675162b1e4ed06d7cfdd9a659ff231b"
    },
    {
      "id": "logs",
      "path": "logs",
      "file_count": 1,
      "fingerprint": "ca529b17df8b65dae6995867d41e104507c5c3ca157c97969ee8239763ca9b70"
    },
    {
      "id": "public",
      "path": "public",
      "file_count": 1,
      "fingerprint": "8c62c016eb7405bc036acdb95304af3dfc9a407fb8e2b41423e4614ed17ab7f7"
    },
    {
      "id": "scripts",
      "path": "scripts",
      "file_count": 1,
      "fingerprint": "e8176385366f3c736c98583909132670dc44552486b101db1f843393ecdfdfae"
    },
    {
      "id": "src",
      "path": "src",
      "file_count": 25,
      "fingerprint": "21cad4a59a65c4de69c71aa28745927fafdeb416a717a41e2854be7342018cd8"
    }
  ]
}
